{
  "lockfileVersion": 1,
  "configVersion": 0,
  "workspaces": {
    "": {
      "name": "demo",
      "dependencies": {
        "@prettier/plugin-php": "^0.22.2",
        "prettier": "^3.3.3",
      },
    },
  },
  "packages": {
    "@prettier/plugin-php": ["@prettier/plugin-php@0.22.4", "", { "dependencies": { "linguist-languages": "^7.27.0", "php-parser": "^3.1.5" }, "peerDependencies": { "prettier": "^3.0.0" } }, "sha512-uZWqfyrwsxScIYkmVcfnoQGFmKVMXTHD5pqYT4l8fxzm5P3XY94hTPbf8X6TFCi2QTZBIot7GS8lfIjQjldc2g=="],

    "linguist-languages": ["linguist-languages@7.31.2", "", {}, "sha512-UQv5iuzEcGoYWdc/Ea2yqLiFbe8rQmIa5uD1FLwF5vBYmwbTvJlPJfHaIVtfYZTQf2wg7pzhxkwkGPP3q+v+EA=="],

    "php-parser": ["php-parser@3.2.5", "", {}, "sha512-M1ZYlALFFnESbSdmRtTQrBFUHSriHgPhgqtTF/LCbZM4h7swR5PHtUceB2Kzby5CfqcsYwBn7OXTJ0+8Sajwkw=="],

    "prettier": ["prettier@3.6.2", "", { "bin": { "prettier": "bin/prettier.cjs" } }, "sha512-I7AIg5boAr5R0FFtJ6rCfD+LFsWHp81dolrFD8S79U9tb8Az2nGrJncnMSnys+bpQJfRUzqs9hnA81OAA3hCuQ=="],
  }
}
